
Microsoft Visual Studio Solution File, Format Version 12.00
# Visual Studio 14
VisualStudioVersion = 14.0.25420.1
MinimumVisualStudioVersion = 10.0.40219.1
Project("{FAE04EC0-301F-11D3-BF4B-00C04F79EFBC}") = "SilverLightOmmmm", "SilverLightOmmmm\SilverLightOmmmm.csproj", "{E20F301C-2F95-4A3B-BA01-2DC590831277}"
	ProjectSection(ProjectDependencies) = postProject
		{4A5528CF-A602-4A9F-8459-A5F01E4A5EEB} = {4A5528CF-A602-4A9F-8459-A5F01E4A5EEB}
	EndProjectSection
EndProject
Project("{FAE04EC0-301F-11D3-BF4B-00C04F79EFBC}") = "SilverLightOmmmm.Web", "SilverLightOmmmm.Web\SilverLightOmmmm.Web.csproj", "{4A5528CF-A602-4A9F-8459-A5F01E4A5EEB}"
EndProject
Global
	GlobalSection(SolutionConfigurationPlatforms) = preSolution
		Debug|Any CPU = Debug|Any CPU
		Release|Any CPU = Release|Any CPU
	EndGlobalSection
	GlobalSection(ProjectConfigurationPlatforms) = postSolution
		{E20F301C-2F95-4A3B-BA01-2DC590831277}.Debug|Any CPU.ActiveCfg = Debug|Any CPU
		{E20F301C-2F95-4A3B-BA01-2DC590831277}.Debug|Any CPU.Build.0 = Debug|Any CPU
		{E20F301C-2F95-4A3B-BA01-2DC590831277}.Release|Any CPU.ActiveCfg = Release|Any CPU
		{E20F301C-2F95-4A3B-BA01-2DC590831277}.Release|Any CPU.Build.0 = Release|Any CPU
		{4A5528CF-A602-4A9F-8459-A5F01E4A5EEB}.Debug|Any CPU.ActiveCfg = Debug|Any CPU
		{4A5528CF-A602-4A9F-8459-A5F01E4A5EEB}.Debug|Any CPU.Build.0 = Debug|Any CPU
		{4A5528CF-A602-4A9F-8459-A5F01E4A5EEB}.Release|Any CPU.ActiveCfg = Release|Any CPU
		{4A5528CF-A602-4A9F-8459-A5F01E4A5EEB}.Release|Any CPU.Build.0 = Release|Any CPU
	EndGlobalSection
	GlobalSection(SolutionProperties) = preSolution
		HideSolutionNode = FALSE
	EndGlobalSection
EndGlobal
